// !$*UTF8*$!
{
	archiveVersion = 1;
	classes = {
	};
	objectVersion = 46;
	objects = {

/* Begin PBXBuildFile section */
		671989BC1E992F03007DE145 /* main.cpp in Sources */ = {isa = PBXBuildFile; fileRef = 671989BB1E992F03007DE145 /* main.cpp */; };
		671989C31E992FF1007DE145 /* libSDL2-2.0.0.dylib in Frameworks */ = {isa = PBXBuildFile; fileRef = 671989C21E992FF1007DE145 /* libSDL2-2.0.0.dylib */; };
		67D3F3431E9C44DA00E237E8 /* Screen.cpp in Sources */ = {isa = PBXBuildFile; fileRef = 67D3F3411E9C44DA00E237E8 /* Screen.cpp */; };
/* End PBXBuildFile section */

/* Begin PBXCopyFilesBuildPhase section */
		671989B61E992F03007DE145 /* CopyFiles */ = {
			isa = PBXCopyFilesBuildPhase;
			buildActionMask = 2147483647;
			dstPath = /usr/share/man/man1/;
			dstSubfolderSpec = 0;
			files = (
			);
			runOnlyForDeploymentPostprocessing = 1;
		};
/* End PBXCopyFilesBuildPhase section */

/* Begin PBXFileReference section */
		671989B81E992F03007DE145 /* Particle_Fire_Explosion */ = {isa = PBXFileReference; explicitFileType = "compiled.mach-o.executable"; includeInIndex = 0; path = Particle_Fire_Explosion; sourceTree = BUILT_PRODUCTS_DIR; };
		671989BB1E992F03007DE145 /* main.cpp */ = {isa = PBXFileReference; lastKnownFileType = sourcecode.cpp.cpp; path = main.cpp; sourceTree = "<group>"; };
		671989C21E992FF1007DE145 /* libSDL2-2.0.0.dylib */ = {isa = PBXFileReference; lastKnownFileType = "compiled.mach-o.dylib"; name = "libSDL2-2.0.0.dylib"; path = "../../../../../usr/local/Cellar/sdl2/2.0.4/lib/libSDL2-2.0.0.dylib"; sourceTree = "<group>"; };
		67D3F3411E9C44DA00E237E8 /* Screen.cpp */ = {isa = PBXFileReference; fileEncoding = 4; lastKnownFileType = sourcecode.cpp.cpp; path = Screen.cpp; sourceTree = "<group>"; };
		67D3F3421E9C44DA00E237E8 /* Screen.hpp */ = {isa = PBXFileReference; fileEncoding = 4; lastKnownFileType = sourcecode.cpp.h; path = Screen.hpp; sourceTree = "<group>"; };
/* End PBXFileReference section */

/* Begin PBXFrameworksBuildPhase section */
		671989B51E992F03007DE145 /* Frameworks */ = {
			isa = PBXFrameworksBuildPhase;
			buildActionMask = 2147483647;
			files = (
				671989C31E992FF1007DE145 /* libSDL2-2.0.0.dylib in Frameworks */,
			);
			runOnlyForDeploymentPostprocessing = 0;
		};
/* End PBXFrameworksBuildPhase section */

/* Begin PBXGroup section */
		671989AF1E992F03007DE145 = {
			isa = PBXGroup;
			children = (
				671989C21E992FF1007DE145 /* libSDL2-2.0.0.dylib */,
				671989BA1E992F03007DE145 /* Particle_Fire_Explosion */,
				671989B91E992F03007DE145 /* Products */,
			);
			sourceTree = "<group>";
		};
		671989B91E992F03007DE145 /* Products */ = {
			isa = PBXGroup;
			children = (
				671989B81E992F03007DE145 /* Particle_Fire_Explosion */,
			);
			name = Products;
			sourceTree = "<group>";
		};
		671989BA1E992F03007DE145 /* Particle_Fire_Explosion */ = {
			isa = PBXGroup;
			children = (
				671989BB1E992F03007DE145 /* main.cpp */,
				67D3F3421E9C44DA00E237E8 /* Screen.hpp */,
				67D3F3411E9C44DA00E237E8 /* Screen.cpp */,
			);
			path = Particle_Fire_Explosion;
			sourceTree = "<group>";
		};
/* End PBXGroup section */

/* Begin PBXNativeTarget section */
		671989B71E992F03007DE145 /* Particle_Fire_Explosion */ = {
			isa = PBXNativeTarget;
			buildConfigurationList = 671989BF1E992F03007DE145 /* Build configuration list for PBXNativeTarget "Particle_Fire_Explosion" */;
			buildPhases = (
				671989B41E992F03007DE145 /* Sources */,
				671989B51E992F03007DE145 /* Frameworks */,
				671989B61E992F03007DE145 /* CopyFiles */,
			);
			buildRules = (
			);
			dependencies = (
			);
			name = Particle_Fire_Explosion;
			productName = Particle_Fire_Explosion;
			productReference = 671989B81E992F03007DE145 /* Particle_Fire_Explosion */;
			productType = "com.apple.product-type.tool";
		};
/* End PBXNativeTarget section */

/* Begin PBXProject section */
		671989B01E992F03007DE145 /* Project object */ = {
			isa = PBXProject;
			attributes = {
				LastUpgradeCheck = 0730;
				ORGANIZATIONNAME = HND;
				TargetAttributes = {
					671989B71E992F03007DE145 = {
						CreatedOnToolsVersion = 7.3.1;
					};
				};
			};
			buildConfigurationList = 671989B31E992F03007DE145 /* Build configuration list for PBXProject "Particle_Fire_Explosion" */;
			compatibilityVersion = "Xcode 3.2";
			developmentRegion = English;
			hasScannedForEncodings = 0;
			knownRegions = (
				en,
			);
			mainGroup = 671989AF1E992F03007DE145;
			productRefGroup = 671989B91E992F03007DE145 /* Products */;
			projectDirPath = "";
			projectRoot = "";
			targets = (
				671989B71E992F03007DE145 /* Particle_Fire_Explosion */,
			);
		};
/* End PBXProject section */

/* Begin PBXSourcesBuildPhase section */
		671989B41E992F03007DE145 /* Sources */ = {
			isa = PBXSourcesBuildPhase;
			buildActionMask = 2147483647;
			files = (
				671989BC1E992F03007DE145 /* main.cpp in Sources */,
				67D3F3431E9C44DA00E237E8 /* Screen.cpp in Sources */,
			);
			runOnlyForDeploymentPostprocessing = 0;
		};
/* End PBXSourcesBuildPhase section */

/* Begin XCBuildConfiguration section */
		671989BD1E992F03007DE145 /* Debug */ = {
			isa = XCBuildConfiguration;
			buildSettings = {
				ALWAYS_SEARCH_USER_PATHS = NO;
				CLANG_ANALYZER_NONNULL = YES;
				CLANG_CXX_LANGUAGE_STANDARD = "gnu++0x";
				CLANG_CXX_LIBRARY = "libc++";
				CLANG_ENABLE_MODULES = YES;
				CLANG_ENABLE_OBJC_ARC = YES;
				CLANG_WARN_BOOL_CONVERSION = YES;
				CLANG_WARN_CONSTANT_CONVERSION = YES;
				CLANG_WARN_DIRECT_OBJC_ISA_USAGE = YES_ERROR;
				CLANG_WARN_EMPTY_BODY = YES;
				CLANG_WARN_ENUM_CONVERSION = YES;
				CLANG_WARN_INT_CONVERSION = YES;
				CLANG_WARN_OBJC_ROOT_CLASS = YES_ERROR;
				CLANG_WARN_UNREACHABLE_CODE = YES;
				CLANG_WARN__DUPLICATE_METHOD_MATCH = YES;
				CODE_SIGN_IDENTITY = "-";
				COPY_PHASE_STRIP = NO;
				DEBUG_INFORMATION_FORMAT = dwarf;
				ENABLE_STRICT_OBJC_MSGSEND = YES;
				ENABLE_TESTABILITY = YES;
				GCC_C_LANGUAGE_STANDARD = gnu99;
				GCC_DYNAMIC_NO_PIC = NO;
				GCC_NO_COMMON_BLOCKS = YES;
				GCC_OPTIMIZATION_LEVEL = 0;
				GCC_PREPROCESSOR_DEFINITIONS = (
					"DEBUG=1",
					"$(inherited)",
				);
				GCC_WARN_64_TO_32_BIT_CONVERSION = YES;
				GCC_WARN_ABOUT_RETURN_TYPE = YES_ERROR;
				GCC_WARN_UNDECLARED_SELECTOR = YES;
				GCC_WARN_UNINITIALIZED_AUTOS = YES_AGGRESSIVE;
				GCC_WARN_UNUSED_FUNCTION = YES;
				GCC_WARN_UNUSED_VARIABLE = YES;
				MACOSX_DEPLOYMENT_TARGET = 10.12;
				MTL_ENABLE_DEBUG_INFO = YES;
				ONLY_ACTIVE_ARCH = YES;
				SDKROOT = macosx;
			};
			name = Debug;
		};
		671989BE1E992F03007DE145 /* Release */ = {
			isa = XCBuildConfiguration;
			buildSettings = {
				ALWAYS_SEARCH_USER_PATHS = NO;
				CLANG_ANALYZER_NONNULL = YES;
				CLANG_CXX_LANGUAGE_STANDARD = "gnu++0x";
				CLANG_CXX_LIBRARY = "libc++";
				CLANG_ENABLE_MODULES = YES;
				CLANG_ENABLE_OBJC_ARC = YES;
				CLANG_WARN_BOOL_CONVERSION = YES;
				CLANG_WARN_CONSTANT_CONVERSION = YES;
				CLANG_WARN_DIRECT_OBJC_ISA_USAGE = YES_ERROR;
				CLANG_WARN_EMPTY_BODY = YES;
				CLANG_WARN_ENUM_CONVERSION = YES;
				CLANG_WARN_INT_CONVERSION = YES;
				CLANG_WARN_OBJC_ROOT_CLASS = YES_ERROR;
				CLANG_WARN_UNREACHABLE_CODE = YES;
				CLANG_WARN__DUPLICATE_METHOD_MATCH = YES;
				CODE_SIGN_IDENTITY = "-";
				COPY_PHASE_STRIP = NO;
				DEBUG_INFORMATION_FORMAT = "dwarf-with-dsym";
				ENABLE_NS_ASSERTIONS = NO;
				ENABLE_STRICT_OBJC_MSGSEND = YES;
				GCC_C_LANGUAGE_STANDARD = gnu99;
				GCC_NO_COMMON_BLOCKS = YES;
				GCC_WARN_64_TO_32_BIT_CONVERSION = YES;
				GCC_WARN_ABOUT_RETURN_TYPE = YES_ERROR;
				GCC_WARN_UNDECLARED_SELECTOR = YES;
				GCC_WARN_UNINITIALIZED_AUTOS = YES_AGGRESSIVE;
				GCC_WARN_UNUSED_FUNCTION = YES;
				GCC_WARN_UNUSED_VARIABLE = YES;
				MACOSX_DEPLOYMENT_TARGET = 10.12;
				MTL_ENABLE_DEBUG_INFO = NO;
				SDKROOT = macosx;
			};
			name = Release;
		};
		671989C01E992F03007DE145 /* Debug */ = {
			isa = XCBuildConfiguration;
			buildSettings = {
				HEADER_SEARCH_PATHS = /usr/local/include;
				LIBRARY_SEARCH_PATHS = (
					"$(inherited)",
					/usr/local/Cellar/sdl2/2.0.4/lib,
				);
				MACOSX_DEPLOYMENT_TARGET = 10.11;
				PRODUCT_NAME = "$(TARGET_NAME)";
			};
			name = Debug;
		};
		671989C11E992F03007DE145 /* Release */ = {
			isa = XCBuildConfiguration;
			buildSettings = {
				HEADER_SEARCH_PATHS = /usr/local/include;
				LIBRARY_SEARCH_PATHS = (
					"$(inherited)",
					/usr/local/Cellar/sdl2/2.0.4/lib,
				);
				MACOSX_DEPLOYMENT_TARGET = 10.11;
				PRODUCT_NAME = "$(TARGET_NAME)";
			};
			name = Release;
		};
/* End XCBuildConfiguration section */

/* Begin XCConfigurationList section */
		671989B31E992F03007DE145 /* Build configuration list for PBXProject "Particle_Fire_Explosion" */ = {
			isa = XCConfigurationList;
			buildConfigurations = (
				671989BD1E992F03007DE145 /* Debug */,
				671989BE1E992F03007DE145 /* Release */,
			);
			defaultConfigurationIsVisible = 0;
			defaultConfigurationName = Release;
		};
		671989BF1E992F03007DE145 /* Build configuration list for PBXNativeTarget "Particle_Fire_Explosion" */ = {
			isa = XCConfigurationList;
			buildConfigurations = (
				671989C01E992F03007DE145 /* Debug */,
				671989C11E992F03007DE145 /* Release */,
			);
			defaultConfigurationIsVisible = 0;
			defaultConfigurationName = Release;
		};
/* End XCConfigurationList section */
	};
	rootObject = 671989B01E992F03007DE145 /* Project object */;
}
